
Microsoft Visual Studio Solution File, Format Version 12.00
# Visual Studio Version 17
VisualStudioVersion = 17.5.002.0
MinimumVisualStudioVersion = 10.0.40219.1
Project("{9A19103F-16F7-4668-BE54-9A1E7A4F7556}") = "DurableFunctions.SemanticKernel.Ex01", "DurableFunctions.SemanticKernel.Ex01.csproj", "{E4727421-C235-4F23-AE30-364EF8FFAF37}"
EndProject
Global
	GlobalSection(SolutionConfigurationPlatforms) = preSolution
		Debug|Any CPU = Debug|Any CPU
		Release|Any CPU = Release|Any CPU
	EndGlobalSection
	GlobalSection(ProjectConfigurationPlatforms) = postSolution
		{E4727421-C235-4F23-AE30-364EF8FFAF37}.Debug|Any CPU.ActiveCfg = Debug|Any CPU
		{E4727421-C235-4F23-AE30-364EF8FFAF37}.Debug|Any CPU.Build.0 = Debug|Any CPU
		{E4727421-C235-4F23-AE30-364EF8FFAF37}.Release|Any CPU.ActiveCfg = Release|Any CPU
		{E4727421-C235-4F23-AE30-364EF8FFAF37}.Release|Any CPU.Build.0 = Release|Any CPU
	EndGlobalSection
	GlobalSection(SolutionProperties) = preSolution
		HideSolutionNode = FALSE
	EndGlobalSection
	GlobalSection(ExtensibilityGlobals) = postSolution
		SolutionGuid = {411CFF14-C2A6-43BE-8BA7-528378D9B13A}
	EndGlobalSection
EndGlobal
